
Microsoft Visual Studio Solution File, Format Version 12.00
# Visual Studio 15
VisualStudioVersion = 15.0.27703.2042
MinimumVisualStudioVersion = 10.0.40219.1
Project("{FAE04EC0-301F-11D3-BF4B-00C04F79EFBC}") = "LicenseFERDA", "LicenseFERDA\LicenseFERDA.csproj", "{878DBEEB-5F33-43B4-BA4C-05249FEAB204}"
EndProject
Project("{FAE04EC0-301F-11D3-BF4B-00C04F79EFBC}") = "LicenseMRAVENEC", "LicenseMRAVENEC\LicenseMRAVENEC.csproj", "{7A4530CF-3252-4D29-8C30-57BC1F3D5C3C}"
EndProject
Global
	GlobalSection(SolutionConfigurationPlatforms) = preSolution
		Debug|Any CPU = Debug|Any CPU
		Release|Any CPU = Release|Any CPU
	EndGlobalSection
	GlobalSection(ProjectConfigurationPlatforms) = postSolution
		{878DBEEB-5F33-43B4-BA4C-05249FEAB204}.Debug|Any CPU.ActiveCfg = Debug|Any CPU
		{878DBEEB-5F33-43B4-BA4C-05249FEAB204}.Debug|Any CPU.Build.0 = Debug|Any CPU
		{878DBEEB-5F33-43B4-BA4C-05249FEAB204}.Release|Any CPU.ActiveCfg = Release|Any CPU
		{878DBEEB-5F33-43B4-BA4C-05249FEAB204}.Release|Any CPU.Build.0 = Release|Any CPU
		{7A4530CF-3252-4D29-8C30-57BC1F3D5C3C}.Debug|Any CPU.ActiveCfg = Debug|Any CPU
		{7A4530CF-3252-4D29-8C30-57BC1F3D5C3C}.Debug|Any CPU.Build.0 = Debug|Any CPU
		{7A4530CF-3252-4D29-8C30-57BC1F3D5C3C}.Release|Any CPU.ActiveCfg = Release|Any CPU
		{7A4530CF-3252-4D29-8C30-57BC1F3D5C3C}.Release|Any CPU.Build.0 = Release|Any CPU
	EndGlobalSection
	GlobalSection(SolutionProperties) = preSolution
		HideSolutionNode = FALSE
	EndGlobalSection
	GlobalSection(ExtensibilityGlobals) = postSolution
		SolutionGuid = {D51C1621-6017-4CAA-A0BF-BC0644882067}
	EndGlobalSection
EndGlobal
